// !$*UTF8*$!
{
	archiveVersion = 1;
	classes = {
	};
	objectVersion = 46;
	objects = {

/* Begin PBXBuildFile section */
		2439ED9A16763B2300414D44 /* Folder.m in Sources */ = {isa = PBXBuildFile; fileRef = 2439ED9916763B2300414D44 /* Folder.m */; };
		243D24B216764669005AD364 /* DBController.m in Sources */ = {isa = PBXBuildFile; fileRef = 243D24B116764669005AD364 /* DBController.m */; };
		243D24B516764AB8005AD364 /* XMLFormer.m in Sources */ = {isa = PBXBuildFile; fileRef = 243D24B416764AB8005AD364 /* XMLFormer.m */; };
		243D24B816765A1F005AD364 /* Item.m in Sources */ = {isa = PBXBuildFile; fileRef = 243D24B716765A1F005AD364 /* Item.m */; };
		2468ECB7166FA10A002E5590 /* DataManager.m in Sources */ = {isa = PBXBuildFile; fileRef = 2468ECB6166FA10A002E5590 /* DataManager.m */; };
		36A8D98F165995CB00571C39 /* LoginPasswordViewController.m in Sources */ = {isa = PBXBuildFile; fileRef = 36A8D98E165995CB00571C39 /* LoginPasswordViewController.m */; };
		36A8D9921659961B00571C39 /* SplitViewController.m in Sources */ = {isa = PBXBuildFile; fileRef = 36A8D9911659961B00571C39 /* SplitViewController.m */; };
		36A8D9991659989400571C39 /* ShowTextFromFilesViewController.m in Sources */ = {isa = PBXBuildFile; fileRef = 36A8D9981659989400571C39 /* ShowTextFromFilesViewController.m */; };
		842AD0C916590FCC003A911E /* RequestFormer.m in Sources */ = {isa = PBXBuildFile; fileRef = 842AD0C816590FCC003A911E /* RequestFormer.m */; };
		842AD0D61659316A003A911E /* GDataXMLNode.m in Sources */ = {isa = PBXBuildFile; fileRef = 842AD0D51659316A003A911E /* GDataXMLNode.m */; };
		847AD49216517B6B00A045EC /* UIKit.framework in Frameworks */ = {isa = PBXBuildFile; fileRef = 847AD49116517B6B00A045EC /* UIKit.framework */; };
		847AD49416517B6B00A045EC /* Foundation.framework in Frameworks */ = {isa = PBXBuildFile; fileRef = 847AD49316517B6B00A045EC /* Foundation.framework */; };
		847AD49616517B6B00A045EC /* CoreGraphics.framework in Frameworks */ = {isa = PBXBuildFile; fileRef = 847AD49516517B6B00A045EC /* CoreGraphics.framework */; };
		847AD49C16517B6B00A045EC /* InfoPlist.strings in Resources */ = {isa = PBXBuildFile; fileRef = 847AD49A16517B6B00A045EC /* InfoPlist.strings */; };
		847AD49E16517B6B00A045EC /* main.m in Sources */ = {isa = PBXBuildFile; fileRef = 847AD49D16517B6B00A045EC /* main.m */; };
		847AD4A216517B6B00A045EC /* AppDelegate.m in Sources */ = {isa = PBXBuildFile; fileRef = 847AD4A116517B6B00A045EC /* AppDelegate.m */; };
		847AD4A416517B6B00A045EC /* Default.png in Resources */ = {isa = PBXBuildFile; fileRef = 847AD4A316517B6B00A045EC /* Default.png */; };
		847AD4A616517B6B00A045EC /* Default@2x.png in Resources */ = {isa = PBXBuildFile; fileRef = 847AD4A516517B6B00A045EC /* Default@2x.png */; };
		847AD4A816517B6B00A045EC /* Default-568h@2x.png in Resources */ = {isa = PBXBuildFile; fileRef = 847AD4A716517B6B00A045EC /* Default-568h@2x.png */; };
		847AD4AB16517B6B00A045EC /* MainStoryboard.storyboard in Resources */ = {isa = PBXBuildFile; fileRef = 847AD4A916517B6B00A045EC /* MainStoryboard.storyboard */; };
		847AD4AE16517B6B00A045EC /* MasterViewController.m in Sources */ = {isa = PBXBuildFile; fileRef = 847AD4AD16517B6B00A045EC /* MasterViewController.m */; };
		847AD4B116517B6B00A045EC /* DetailViewController.m in Sources */ = {isa = PBXBuildFile; fileRef = 847AD4B016517B6B00A045EC /* DetailViewController.m */; };
		849243C916556F2700670FBD /* ConnectionManager.m in Sources */ = {isa = PBXBuildFile; fileRef = 849243C816556F2700670FBD /* ConnectionManager.m */; };
		8493545C165955200068BF2A /* Parser.m in Sources */ = {isa = PBXBuildFile; fileRef = 8493545B165955200068BF2A /* Parser.m */; };
/* End PBXBuildFile section */

/* Begin PBXFileReference section */
		2439ED9816763B0A00414D44 /* Folder.h */ = {isa = PBXFileReference; fileEncoding = 4; lastKnownFileType = sourcecode.c.h; name = Folder.h; path = ../../../../Documents/ExchangeApp/ExchangeApp/ExchangeApp/ExchangeApp/ExchangeApp/Folder.h; sourceTree = "<group>"; };
		2439ED9916763B2300414D44 /* Folder.m */ = {isa = PBXFileReference; fileEncoding = 4; lastKnownFileType = sourcecode.c.objc; path = Folder.m; sourceTree = "<group>"; };
		243D24B016764669005AD364 /* DBController.h */ = {isa = PBXFileReference; fileEncoding = 4; lastKnownFileType = sourcecode.c.h; path = DBController.h; sourceTree = "<group>"; };
		243D24B116764669005AD364 /* DBController.m */ = {isa = PBXFileReference; fileEncoding = 4; lastKnownFileType = sourcecode.c.objc; path = DBController.m; sourceTree = "<group>"; };
		243D24B316764AB8005AD364 /* XMLFormer.h */ = {isa = PBXFileReference; fileEncoding = 4; lastKnownFileType = sourcecode.c.h; path = XMLFormer.h; sourceTree = "<group>"; };
		243D24B416764AB8005AD364 /* XMLFormer.m */ = {isa = PBXFileReference; fileEncoding = 4; lastKnownFileType = sourcecode.c.objc; path = XMLFormer.m; sourceTree = "<group>"; };
		243D24B616765A1F005AD364 /* Item.h */ = {isa = PBXFileReference; fileEncoding = 4; lastKnownFileType = sourcecode.c.h; path = Item.h; sourceTree = "<group>"; };
		243D24B716765A1F005AD364 /* Item.m */ = {isa = PBXFileReference; fileEncoding = 4; lastKnownFileType = sourcecode.c.objc; path = Item.m; sourceTree = "<group>"; };
		2468ECB5166FA10A002E5590 /* DataManager.h */ = {isa = PBXFileReference; fileEncoding = 4; lastKnownFileType = sourcecode.c.h; path = DataManager.h; sourceTree = "<group>"; };
		2468ECB6166FA10A002E5590 /* DataManager.m */ = {isa = PBXFileReference; fileEncoding = 4; lastKnownFileType = sourcecode.c.objc; path = DataManager.m; sourceTree = "<group>"; };
		36A8D98D165995CA00571C39 /* LoginPasswordViewController.h */ = {isa = PBXFileReference; fileEncoding = 4; lastKnownFileType = sourcecode.c.h; path = LoginPasswordViewController.h; sourceTree = "<group>"; };
		36A8D98E165995CB00571C39 /* LoginPasswordViewController.m */ = {isa = PBXFileReference; fileEncoding = 4; lastKnownFileType = sourcecode.c.objc; path = LoginPasswordViewController.m; sourceTree = "<group>"; };
		36A8D9901659961A00571C39 /* SplitViewController.h */ = {isa = PBXFileReference; fileEncoding = 4; lastKnownFileType = sourcecode.c.h; path = SplitViewController.h; sourceTree = "<group>"; };
		36A8D9911659961B00571C39 /* SplitViewController.m */ = {isa = PBXFileReference; fileEncoding = 4; lastKnownFileType = sourcecode.c.objc; path = SplitViewController.m; sourceTree = "<group>"; };
		36A8D9971659989300571C39 /* ShowTextFromFilesViewController.h */ = {isa = PBXFileReference; fileEncoding = 4; lastKnownFileType = sourcecode.c.h; path = ShowTextFromFilesViewController.h; sourceTree = "<group>"; };
		36A8D9981659989400571C39 /* ShowTextFromFilesViewController.m */ = {isa = PBXFileReference; fileEncoding = 4; lastKnownFileType = sourcecode.c.objc; path = ShowTextFromFilesViewController.m; sourceTree = "<group>"; };
		842AD0C716590FCC003A911E /* RequestFormer.h */ = {isa = PBXFileReference; fileEncoding = 4; lastKnownFileType = sourcecode.c.h; path = RequestFormer.h; sourceTree = "<group>"; };
		842AD0C816590FCC003A911E /* RequestFormer.m */ = {isa = PBXFileReference; fileEncoding = 4; lastKnownFileType = sourcecode.c.objc; path = RequestFormer.m; sourceTree = "<group>"; };
		842AD0D41659316A003A911E /* GDataXMLNode.h */ = {isa = PBXFileReference; fileEncoding = 4; lastKnownFileType = sourcecode.c.h; path = GDataXMLNode.h; sourceTree = "<group>"; };
		842AD0D51659316A003A911E /* GDataXMLNode.m */ = {isa = PBXFileReference; fileEncoding = 4; lastKnownFileType = sourcecode.c.objc; path = GDataXMLNode.m; sourceTree = "<group>"; };
		847AD48D16517B6B00A045EC /* ExchangeApp.app */ = {isa = PBXFileReference; explicitFileType = wrapper.application; includeInIndex = 0; path = ExchangeApp.app; sourceTree = BUILT_PRODUCTS_DIR; };
		847AD49116517B6B00A045EC /* UIKit.framework */ = {isa = PBXFileReference; lastKnownFileType = wrapper.framework; name = UIKit.framework; path = System/Library/Frameworks/UIKit.framework; sourceTree = SDKROOT; };
		847AD49316517B6B00A045EC /* Foundation.framework */ = {isa = PBXFileReference; lastKnownFileType = wrapper.framework; name = Foundation.framework; path = System/Library/Frameworks/Foundation.framework; sourceTree = SDKROOT; };
		847AD49516517B6B00A045EC /* CoreGraphics.framework */ = {isa = PBXFileReference; lastKnownFileType = wrapper.framework; name = CoreGraphics.framework; path = System/Library/Frameworks/CoreGraphics.framework; sourceTree = SDKROOT; };
		847AD49916517B6B00A045EC /* ExchangeApp-Info.plist */ = {isa = PBXFileReference; lastKnownFileType = text.plist.xml; path = "ExchangeApp-Info.plist"; sourceTree = "<group>"; };
		847AD49B16517B6B00A045EC /* en */ = {isa = PBXFileReference; lastKnownFileType = text.plist.strings; name = en; path = en.lproj/InfoPlist.strings; sourceTree = "<group>"; };
		847AD49D16517B6B00A045EC /* main.m */ = {isa = PBXFileReference; lastKnownFileType = sourcecode.c.objc; path = main.m; sourceTree = "<group>"; };
		847AD49F16517B6B00A045EC /* ExchangeApp-Prefix.pch */ = {isa = PBXFileReference; lastKnownFileType = sourcecode.c.h; path = "ExchangeApp-Prefix.pch"; sourceTree = "<group>"; };
		847AD4A016517B6B00A045EC /* AppDelegate.h */ = {isa = PBXFileReference; lastKnownFileType = sourcecode.c.h; path = AppDelegate.h; sourceTree = "<group>"; };
		847AD4A116517B6B00A045EC /* AppDelegate.m */ = {isa = PBXFileReference; lastKnownFileType = sourcecode.c.objc; path = AppDelegate.m; sourceTree = "<group>"; };
		847AD4A316517B6B00A045EC /* Default.png */ = {isa = PBXFileReference; lastKnownFileType = image.png; path = Default.png; sourceTree = "<group>"; };
		847AD4A516517B6B00A045EC /* Default@2x.png */ = {isa = PBXFileReference; lastKnownFileType = image.png; path = "Default@2x.png"; sourceTree = "<group>"; };
		847AD4A716517B6B00A045EC /* Default-568h@2x.png */ = {isa = PBXFileReference; lastKnownFileType = image.png; path = "Default-568h@2x.png"; sourceTree = "<group>"; };
		847AD4AA16517B6B00A045EC /* en */ = {isa = PBXFileReference; lastKnownFileType = file.storyboard; name = en; path = en.lproj/MainStoryboard.storyboard; sourceTree = "<group>"; };
		847AD4AC16517B6B00A045EC /* MasterViewController.h */ = {isa = PBXFileReference; lastKnownFileType = sourcecode.c.h; path = MasterViewController.h; sourceTree = "<group>"; };
		847AD4AD16517B6B00A045EC /* MasterViewController.m */ = {isa = PBXFileReference; lastKnownFileType = sourcecode.c.objc; path = MasterViewController.m; sourceTree = "<group>"; };
		847AD4AF16517B6B00A045EC /* DetailViewController.h */ = {isa = PBXFileReference; lastKnownFileType = sourcecode.c.h; path = DetailViewController.h; sourceTree = "<group>"; };
		847AD4B016517B6B00A045EC /* DetailViewController.m */ = {isa = PBXFileReference; lastKnownFileType = sourcecode.c.objc; path = DetailViewController.m; sourceTree = "<group>"; };
		849243C716556F2700670FBD /* ConnectionManager.h */ = {isa = PBXFileReference; fileEncoding = 4; lastKnownFileType = sourcecode.c.h; path = ConnectionManager.h; sourceTree = "<group>"; };
		849243C816556F2700670FBD /* ConnectionManager.m */ = {isa = PBXFileReference; fileEncoding = 4; lastKnownFileType = sourcecode.c.objc; path = ConnectionManager.m; sourceTree = "<group>"; };
		8493545A165955200068BF2A /* Parser.h */ = {isa = PBXFileReference; fileEncoding = 4; lastKnownFileType = sourcecode.c.h; path = Parser.h; sourceTree = "<group>"; };
		8493545B165955200068BF2A /* Parser.m */ = {isa = PBXFileReference; fileEncoding = 4; lastKnownFileType = sourcecode.c.objc; path = Parser.m; sourceTree = "<group>"; };
/* End PBXFileReference section */

/* Begin PBXFrameworksBuildPhase section */
		847AD48A16517B6A00A045EC /* Frameworks */ = {
			isa = PBXFrameworksBuildPhase;
			buildActionMask = 2147483647;
			files = (
				847AD49216517B6B00A045EC /* UIKit.framework in Frameworks */,
				847AD49416517B6B00A045EC /* Foundation.framework in Frameworks */,
				847AD49616517B6B00A045EC /* CoreGraphics.framework in Frameworks */,
			);
			runOnlyForDeploymentPostprocessing = 0;
		};
/* End PBXFrameworksBuildPhase section */

/* Begin PBXGroup section */
		842AD0D016592CBC003A911E /* Connection */ = {
			isa = PBXGroup;
			children = (
				849243C716556F2700670FBD /* ConnectionManager.h */,
				849243C816556F2700670FBD /* ConnectionManager.m */,
				842AD0C716590FCC003A911E /* RequestFormer.h */,
				842AD0C816590FCC003A911E /* RequestFormer.m */,
				243D24B316764AB8005AD364 /* XMLFormer.h */,
				243D24B416764AB8005AD364 /* XMLFormer.m */,
			);
			name = Connection;
			sourceTree = "<group>";
		};
		842AD0D216592CEE003A911E /* Data */ = {
			isa = PBXGroup;
			children = (
				2468ECB5166FA10A002E5590 /* DataManager.h */,
				2468ECB6166FA10A002E5590 /* DataManager.m */,
				243D24B016764669005AD364 /* DBController.h */,
				243D24B116764669005AD364 /* DBController.m */,
				2439ED9816763B0A00414D44 /* Folder.h */,
				2439ED9916763B2300414D44 /* Folder.m */,
				243D24B616765A1F005AD364 /* Item.h */,
				243D24B716765A1F005AD364 /* Item.m */,
			);
			name = Data;
			sourceTree = "<group>";
		};
		842AD0D316592D0F003A911E /* Views */ = {
			isa = PBXGroup;
			children = (
				847AD4AF16517B6B00A045EC /* DetailViewController.h */,
				847AD4B016517B6B00A045EC /* DetailViewController.m */,
				847AD4AC16517B6B00A045EC /* MasterViewController.h */,
				847AD4AD16517B6B00A045EC /* MasterViewController.m */,
				36A8D98D165995CA00571C39 /* LoginPasswordViewController.h */,
				36A8D98E165995CB00571C39 /* LoginPasswordViewController.m */,
				36A8D9901659961A00571C39 /* SplitViewController.h */,
				36A8D9911659961B00571C39 /* SplitViewController.m */,
				36A8D9971659989300571C39 /* ShowTextFromFilesViewController.h */,
				36A8D9981659989400571C39 /* ShowTextFromFilesViewController.m */,
			);
			name = Views;
			sourceTree = "<group>";
		};
		842AD0D716593171003A911E /* parsers */ = {
			isa = PBXGroup;
			children = (
				842AD0D41659316A003A911E /* GDataXMLNode.h */,
				842AD0D51659316A003A911E /* GDataXMLNode.m */,
				8493545A165955200068BF2A /* Parser.h */,
				8493545B165955200068BF2A /* Parser.m */,
			);
			name = parsers;
			sourceTree = "<group>";
		};
		847AD48216517B6A00A045EC = {
			isa = PBXGroup;
			children = (
				847AD49716517B6B00A045EC /* ExchangeApp */,
				847AD49016517B6B00A045EC /* Frameworks */,
				847AD48E16517B6B00A045EC /* Products */,
			);
			sourceTree = "<group>";
		};
		847AD48E16517B6B00A045EC /* Products */ = {
			isa = PBXGroup;
			children = (
				847AD48D16517B6B00A045EC /* ExchangeApp.app */,
			);
			name = Products;
			sourceTree = "<group>";
		};
		847AD49016517B6B00A045EC /* Frameworks */ = {
			isa = PBXGroup;
			children = (
				847AD49116517B6B00A045EC /* UIKit.framework */,
				847AD49316517B6B00A045EC /* Foundation.framework */,
				847AD49516517B6B00A045EC /* CoreGraphics.framework */,
			);
			name = Frameworks;
			sourceTree = "<group>";
		};
		847AD49716517B6B00A045EC /* ExchangeApp */ = {
			isa = PBXGroup;
			children = (
				847AD4A016517B6B00A045EC /* AppDelegate.h */,
				847AD4A116517B6B00A045EC /* AppDelegate.m */,
				842AD0D016592CBC003A911E /* Connection */,
				842AD0D216592CEE003A911E /* Data */,
				847AD4A916517B6B00A045EC /* MainStoryboard.storyboard */,
				842AD0D716593171003A911E /* parsers */,
				847AD49816517B6B00A045EC /* Supporting Files */,
				842AD0D316592D0F003A911E /* Views */,
			);
			path = ExchangeApp;
			sourceTree = "<group>";
		};
		847AD49816517B6B00A045EC /* Supporting Files */ = {
			isa = PBXGroup;
			children = (
				847AD49916517B6B00A045EC /* ExchangeApp-Info.plist */,
				847AD49A16517B6B00A045EC /* InfoPlist.strings */,
				847AD49D16517B6B00A045EC /* main.m */,
				847AD49F16517B6B00A045EC /* ExchangeApp-Prefix.pch */,
				847AD4A316517B6B00A045EC /* Default.png */,
				847AD4A516517B6B00A045EC /* Default@2x.png */,
				847AD4A716517B6B00A045EC /* Default-568h@2x.png */,
			);
			name = "Supporting Files";
			sourceTree = "<group>";
		};
/* End PBXGroup section */

/* Begin PBXNativeTarget section */
		847AD48C16517B6A00A045EC /* ExchangeApp */ = {
			isa = PBXNativeTarget;
			buildConfigurationList = 847AD4B416517B6B00A045EC /* Build configuration list for PBXNativeTarget "ExchangeApp" */;
			buildPhases = (
				847AD48916517B6A00A045EC /* Sources */,
				847AD48A16517B6A00A045EC /* Frameworks */,
				847AD48B16517B6A00A045EC /* Resources */,
			);
			buildRules = (
			);
			dependencies = (
			);
			name = ExchangeApp;
			productName = ExchangeApp;
			productReference = 847AD48D16517B6B00A045EC /* ExchangeApp.app */;
			productType = "com.apple.product-type.application";
		};
/* End PBXNativeTarget section */

/* Begin PBXProject section */
		847AD48416517B6A00A045EC /* Project object */ = {
			isa = PBXProject;
			attributes = {
				LastUpgradeCheck = 0450;
				ORGANIZATIONNAME = Admin;
			};
			buildConfigurationList = 847AD48716517B6A00A045EC /* Build configuration list for PBXProject "ExchangeApp" */;
			compatibilityVersion = "Xcode 3.2";
			developmentRegion = English;
			hasScannedForEncodings = 0;
			knownRegions = (
				en,
			);
			mainGroup = 847AD48216517B6A00A045EC;
			productRefGroup = 847AD48E16517B6B00A045EC /* Products */;
			projectDirPath = "";
			projectRoot = "";
			targets = (
				847AD48C16517B6A00A045EC /* ExchangeApp */,
			);
		};
/* End PBXProject section */

/* Begin PBXResourcesBuildPhase section */
		847AD48B16517B6A00A045EC /* Resources */ = {
			isa = PBXResourcesBuildPhase;
			buildActionMask = 2147483647;
			files = (
				847AD49C16517B6B00A045EC /* InfoPlist.strings in Resources */,
				847AD4A416517B6B00A045EC /* Default.png in Resources */,
				847AD4A616517B6B00A045EC /* Default@2x.png in Resources */,
				847AD4A816517B6B00A045EC /* Default-568h@2x.png in Resources */,
				847AD4AB16517B6B00A045EC /* MainStoryboard.storyboard in Resources */,
			);
			runOnlyForDeploymentPostprocessing = 0;
		};
/* End PBXResourcesBuildPhase section */

/* Begin PBXSourcesBuildPhase section */
		847AD48916517B6A00A045EC /* Sources */ = {
			isa = PBXSourcesBuildPhase;
			buildActionMask = 2147483647;
			files = (
				847AD49E16517B6B00A045EC /* main.m in Sources */,
				847AD4A216517B6B00A045EC /* AppDelegate.m in Sources */,
				847AD4AE16517B6B00A045EC /* MasterViewController.m in Sources */,
				847AD4B116517B6B00A045EC /* DetailViewController.m in Sources */,
				849243C916556F2700670FBD /* ConnectionManager.m in Sources */,
				842AD0C916590FCC003A911E /* RequestFormer.m in Sources */,
				842AD0D61659316A003A911E /* GDataXMLNode.m in Sources */,
				8493545C165955200068BF2A /* Parser.m in Sources */,
				36A8D98F165995CB00571C39 /* LoginPasswordViewController.m in Sources */,
				36A8D9921659961B00571C39 /* SplitViewController.m in Sources */,
				36A8D9991659989400571C39 /* ShowTextFromFilesViewController.m in Sources */,
				2468ECB7166FA10A002E5590 /* DataManager.m in Sources */,
				2439ED9A16763B2300414D44 /* Folder.m in Sources */,
				243D24B216764669005AD364 /* DBController.m in Sources */,
				243D24B516764AB8005AD364 /* XMLFormer.m in Sources */,
				243D24B816765A1F005AD364 /* Item.m in Sources */,
			);
			runOnlyForDeploymentPostprocessing = 0;
		};
/* End PBXSourcesBuildPhase section */

/* Begin PBXVariantGroup section */
		847AD49A16517B6B00A045EC /* InfoPlist.strings */ = {
			isa = PBXVariantGroup;
			children = (
				847AD49B16517B6B00A045EC /* en */,
			);
			name = InfoPlist.strings;
			sourceTree = "<group>";
		};
		847AD4A916517B6B00A045EC /* MainStoryboard.storyboard */ = {
			isa = PBXVariantGroup;
			children = (
				847AD4AA16517B6B00A045EC /* en */,
			);
			name = MainStoryboard.storyboard;
			sourceTree = "<group>";
		};
/* End PBXVariantGroup section */

/* Begin XCBuildConfiguration section */
		847AD4B216517B6B00A045EC /* Debug */ = {
			isa = XCBuildConfiguration;
			buildSettings = {
				ALWAYS_SEARCH_USER_PATHS = NO;
				CLANG_CXX_LANGUAGE_STANDARD = "gnu++0x";
				CLANG_CXX_LIBRARY = "libc++";
				CLANG_WARN_EMPTY_BODY = YES;
				CLANG_WARN__DUPLICATE_METHOD_MATCH = YES;
				"CODE_SIGN_IDENTITY[sdk=iphoneos*]" = "iPhone Developer";
				COPY_PHASE_STRIP = NO;
				GCC_C_LANGUAGE_STANDARD = gnu99;
				GCC_DYNAMIC_NO_PIC = NO;
				GCC_OPTIMIZATION_LEVEL = 0;
				GCC_PREPROCESSOR_DEFINITIONS = (
					"DEBUG=1",
					"$(inherited)",
				);
				GCC_SYMBOLS_PRIVATE_EXTERN = NO;
				GCC_WARN_ABOUT_RETURN_TYPE = YES;
				GCC_WARN_UNINITIALIZED_AUTOS = YES;
				GCC_WARN_UNUSED_VARIABLE = YES;
				HEADER_SEARCH_PATHS = /usr/include/libxml2;
				IPHONEOS_DEPLOYMENT_TARGET = 6.0;
				ONLY_ACTIVE_ARCH = YES;
				OTHER_LDFLAGS = "-lxml2";
				SDKROOT = iphoneos;
				TARGETED_DEVICE_FAMILY = 2;
			};
			name = Debug;
		};
		847AD4B316517B6B00A045EC /* Release */ = {
			isa = XCBuildConfiguration;
			buildSettings = {
				ALWAYS_SEARCH_USER_PATHS = NO;
				CLANG_CXX_LANGUAGE_STANDARD = "gnu++0x";
				CLANG_CXX_LIBRARY = "libc++";
				CLANG_WARN_EMPTY_BODY = YES;
				CLANG_WARN__DUPLICATE_METHOD_MATCH = YES;
				"CODE_SIGN_IDENTITY[sdk=iphoneos*]" = "iPhone Developer";
				COPY_PHASE_STRIP = YES;
				GCC_C_LANGUAGE_STANDARD = gnu99;
				GCC_WARN_ABOUT_RETURN_TYPE = YES;
				GCC_WARN_UNINITIALIZED_AUTOS = YES;
				GCC_WARN_UNUSED_VARIABLE = YES;
				HEADER_SEARCH_PATHS = /usr/include/libxml2;
				IPHONEOS_DEPLOYMENT_TARGET = 6.0;
				OTHER_CFLAGS = "-DNS_BLOCK_ASSERTIONS=1";
				OTHER_LDFLAGS = "-lxml2";
				SDKROOT = iphoneos;
				TARGETED_DEVICE_FAMILY = 2;
				VALIDATE_PRODUCT = YES;
			};
			name = Release;
		};
		847AD4B516517B6B00A045EC /* Debug */ = {
			isa = XCBuildConfiguration;
			buildSettings = {
				GCC_PRECOMPILE_PREFIX_HEADER = YES;
				GCC_PREFIX_HEADER = "ExchangeApp/ExchangeApp-Prefix.pch";
				INFOPLIST_FILE = "ExchangeApp/ExchangeApp-Info.plist";
				PRODUCT_NAME = "$(TARGET_NAME)";
				WRAPPER_EXTENSION = app;
			};
			name = Debug;
		};
		847AD4B616517B6B00A045EC /* Release */ = {
			isa = XCBuildConfiguration;
			buildSettings = {
				GCC_PRECOMPILE_PREFIX_HEADER = YES;
				GCC_PREFIX_HEADER = "ExchangeApp/ExchangeApp-Prefix.pch";
				INFOPLIST_FILE = "ExchangeApp/ExchangeApp-Info.plist";
				PRODUCT_NAME = "$(TARGET_NAME)";
				WRAPPER_EXTENSION = app;
			};
			name = Release;
		};
/* End XCBuildConfiguration section */

/* Begin XCConfigurationList section */
		847AD48716517B6A00A045EC /* Build configuration list for PBXProject "ExchangeApp" */ = {
			isa = XCConfigurationList;
			buildConfigurations = (
				847AD4B216517B6B00A045EC /* Debug */,
				847AD4B316517B6B00A045EC /* Release */,
			);
			defaultConfigurationIsVisible = 0;
			defaultConfigurationName = Release;
		};
		847AD4B416517B6B00A045EC /* Build configuration list for PBXNativeTarget "ExchangeApp" */ = {
			isa = XCConfigurationList;
			buildConfigurations = (
				847AD4B516517B6B00A045EC /* Debug */,
				847AD4B616517B6B00A045EC /* Release */,
			);
			defaultConfigurationIsVisible = 0;
			defaultConfigurationName = Release;
		};
/* End XCConfigurationList section */
	};
	rootObject = 847AD48416517B6A00A045EC /* Project object */;
}
